
Microsoft Visual Studio Solution File, Format Version 12.00
# Visual Studio Version 17
VisualStudioVersion = 17.0.31903.59
MinimumVisualStudioVersion = 10.0.40219.1
Project("{FAE04EC0-301F-11D3-BF4B-00C04F79EFBC}") = "SA.Catalog.Api", "SA.Catalog.Api\SA.Catalog.Api.csproj", "{C7A1B2D3-1111-1111-1111-000000000001}"
EndProject
Project("{FAE04EC0-301F-11D3-BF4B-00C04F79EFBC}") = "SA.Catalog.Application", "SA.Catalog.Application\SA.Catalog.Application.csproj", "{C7A1B2D3-2222-2222-2222-000000000002}"
EndProject
Project("{FAE04EC0-301F-11D3-BF4B-00C04F79EFBC}") = "SA.Catalog.Domain", "SA.Catalog.Domain\SA.Catalog.Domain.csproj", "{C7A1B2D3-3333-3333-3333-000000000003}"
EndProject
Project("{FAE04EC0-301F-11D3-BF4B-00C04F79EFBC}") = "SA.Catalog.DataAccess.Interface", "SA.Catalog.DataAccess.Interface\SA.Catalog.DataAccess.Interface.csproj", "{C7A1B2D3-4444-4444-4444-000000000004}"
EndProject
Project("{FAE04EC0-301F-11D3-BF4B-00C04F79EFBC}") = "SA.Catalog.DataAccess.EntityFramework", "SA.Catalog.DataAccess.EntityFramework\SA.Catalog.DataAccess.EntityFramework.csproj", "{C7A1B2D3-5555-5555-5555-000000000005}"
EndProject
Project("{FAE04EC0-301F-11D3-BF4B-00C04F79EFBC}") = "SA.Catalog.Infrastructure", "SA.Catalog.Infrastructure\SA.Catalog.Infrastructure.csproj", "{C7A1B2D3-6666-6666-6666-000000000006}"
EndProject
Project("{FAE04EC0-301F-11D3-BF4B-00C04F79EFBC}") = "SA.Catalog.EventBus", "SA.Catalog.EventBus\SA.Catalog.EventBus.csproj", "{C7A1B2D3-7777-7777-7777-000000000007}"
EndProject
Project("{FAE04EC0-301F-11D3-BF4B-00C04F79EFBC}") = "SA.Catalog.Tests", "SA.Catalog.Tests\SA.Catalog.Tests.csproj", "{C7A1B2D3-8888-8888-8888-000000000008}"
EndProject
Global
	GlobalSection(SolutionConfigurationPlatforms) = preSolution
		Debug|Any CPU = Debug|Any CPU
		Release|Any CPU = Release|Any CPU
	EndGlobalSection
	GlobalSection(ProjectConfigurationPlatforms) = postSolution
		{C7A1B2D3-1111-1111-1111-000000000001}.Debug|Any CPU.ActiveCfg = Debug|Any CPU
		{C7A1B2D3-1111-1111-1111-000000000001}.Debug|Any CPU.Build.0 = Debug|Any CPU
		{C7A1B2D3-1111-1111-1111-000000000001}.Release|Any CPU.ActiveCfg = Release|Any CPU
		{C7A1B2D3-1111-1111-1111-000000000001}.Release|Any CPU.Build.0 = Release|Any CPU
		{C7A1B2D3-2222-2222-2222-000000000002}.Debug|Any CPU.ActiveCfg = Debug|Any CPU
		{C7A1B2D3-2222-2222-2222-000000000002}.Debug|Any CPU.Build.0 = Debug|Any CPU
		{C7A1B2D3-2222-2222-2222-000000000002}.Release|Any CPU.ActiveCfg = Release|Any CPU
		{C7A1B2D3-2222-2222-2222-000000000002}.Release|Any CPU.Build.0 = Release|Any CPU
		{C7A1B2D3-3333-3333-3333-000000000003}.Debug|Any CPU.ActiveCfg = Debug|Any CPU
		{C7A1B2D3-3333-3333-3333-000000000003}.Debug|Any CPU.Build.0 = Debug|Any CPU
		{C7A1B2D3-3333-3333-3333-000000000003}.Release|Any CPU.ActiveCfg = Release|Any CPU
		{C7A1B2D3-3333-3333-3333-000000000003}.Release|Any CPU.Build.0 = Release|Any CPU
		{C7A1B2D3-4444-4444-4444-000000000004}.Debug|Any CPU.ActiveCfg = Debug|Any CPU
		{C7A1B2D3-4444-4444-4444-000000000004}.Debug|Any CPU.Build.0 = Debug|Any CPU
		{C7A1B2D3-4444-4444-4444-000000000004}.Release|Any CPU.ActiveCfg = Release|Any CPU
		{C7A1B2D3-4444-4444-4444-000000000004}.Release|Any CPU.Build.0 = Release|Any CPU
		{C7A1B2D3-5555-5555-5555-000000000005}.Debug|Any CPU.ActiveCfg = Debug|Any CPU
		{C7A1B2D3-5555-5555-5555-000000000005}.Debug|Any CPU.Build.0 = Debug|Any CPU
		{C7A1B2D3-5555-5555-5555-000000000005}.Release|Any CPU.ActiveCfg = Release|Any CPU
		{C7A1B2D3-5555-5555-5555-000000000005}.Release|Any CPU.Build.0 = Release|Any CPU
		{C7A1B2D3-6666-6666-6666-000000000006}.Debug|Any CPU.ActiveCfg = Debug|Any CPU
		{C7A1B2D3-6666-6666-6666-000000000006}.Debug|Any CPU.Build.0 = Debug|Any CPU
		{C7A1B2D3-6666-6666-6666-000000000006}.Release|Any CPU.ActiveCfg = Release|Any CPU
		{C7A1B2D3-6666-6666-6666-000000000006}.Release|Any CPU.Build.0 = Release|Any CPU
		{C7A1B2D3-7777-7777-7777-000000000007}.Debug|Any CPU.ActiveCfg = Debug|Any CPU
		{C7A1B2D3-7777-7777-7777-000000000007}.Debug|Any CPU.Build.0 = Debug|Any CPU
		{C7A1B2D3-7777-7777-7777-000000000007}.Release|Any CPU.ActiveCfg = Release|Any CPU
		{C7A1B2D3-7777-7777-7777-000000000007}.Release|Any CPU.Build.0 = Release|Any CPU
		{C7A1B2D3-8888-8888-8888-000000000008}.Debug|Any CPU.ActiveCfg = Debug|Any CPU
		{C7A1B2D3-8888-8888-8888-000000000008}.Debug|Any CPU.Build.0 = Debug|Any CPU
		{C7A1B2D3-8888-8888-8888-000000000008}.Release|Any CPU.ActiveCfg = Release|Any CPU
		{C7A1B2D3-8888-8888-8888-000000000008}.Release|Any CPU.Build.0 = Release|Any CPU
	EndGlobalSection
EndGlobal
